
Microsoft Visual Studio Solution File, Format Version 12.00
# Visual Studio Version 16
VisualStudioVersion = 16.0.31402.337
MinimumVisualStudioVersion = 10.0.40219.1
Project("{FAE04EC0-301F-11D3-BF4B-00C04F79EFBC}") = "Bebidis", "Bebidis.csproj", "{709F27FA-1020-439A-BB4D-E9EFA659CD00}"
EndProject
Global
	GlobalSection(SolutionConfigurationPlatforms) = preSolution
		Debug|Any CPU = Debug|Any CPU
		Release|Any CPU = Release|Any CPU
	EndGlobalSection
	GlobalSection(ProjectConfigurationPlatforms) = postSolution
		{709F27FA-1020-439A-BB4D-E9EFA659CD00}.Debug|Any CPU.ActiveCfg = Debug|Any CPU
		{709F27FA-1020-439A-BB4D-E9EFA659CD00}.Debug|Any CPU.Build.0 = Debug|Any CPU
		{709F27FA-1020-439A-BB4D-E9EFA659CD00}.Release|Any CPU.ActiveCfg = Release|Any CPU
		{709F27FA-1020-439A-BB4D-E9EFA659CD00}.Release|Any CPU.Build.0 = Release|Any CPU
	EndGlobalSection
	GlobalSection(SolutionProperties) = preSolution
		HideSolutionNode = FALSE
	EndGlobalSection
	GlobalSection(ExtensibilityGlobals) = postSolution
		SolutionGuid = {C88F457F-152D-4C11-9533-2FFE8BA2E201}
	EndGlobalSection
EndGlobal
